{
    "_readme": [
        "This file locks the dependencies of your project to a known state",
        "Read more about it at https://getcomposer.org/doc/01-basic-usage.md#composer-lock-the-lock-file",
        "This file is @generated automatically"
    ],
    "hash": "eaf90cfc6b8249203b7cb4b2e7ff034d",
    "content-hash": "4bc0fb327bb65bf18138b6f7b026fd4c",
    "packages": [
        {
            "name": "clue/arguments",
            "version": "v1.0.0",
            "source": {
                "type": "git",
                "url": "https://github.com/clue/php-arguments.git",
                "reference": "6fcbecb6635290d413d7725212d48b475b120282"
            },
            "dist": {
                "type": "zip",
                "url": "https://api.github.com/repos/clue/php-arguments/zipball/6fcbecb6635290d413d7725212d48b475b120282",
                "reference": "6fcbecb6635290d413d7725212d48b475b120282",
                "shasum": ""
            },
            "require": {
                "php": ">=5.3"
            },
            "type": "library",
            "autoload": {
                "files": [
                    "src/functions.php"
                ]
            },
            "notification-url": "https://packagist.org/downloads/",
            "license": [
                "MIT"
            ],
            "authors": [
                {
                    "name": "Christian Lück",
                    "email": "christian@lueck.tv"
                }
            ],
            "description": "The simple way to split your command line string into an array of command arguments in PHP.",
            "homepage": "https://github.com/clue/php-arguments",
            "keywords": [
                "arguments",
                "command",
                "command line",
                "explode",
                "parse",
                "split"
            ],
            "time": "2016-10-08 20:14:27"
        },
        {
            "name": "clue/commander",
            "version": "v1.2.0",
            "source": {
                "type": "git",
                "url": "https://github.com/clue/php-commander.git",
                "reference": "9b948362d20f6c1e1b214e7eae77f363d8a65ce2"
            },
            "dist": {
                "type": "zip",
                "url": "https://api.github.com/repos/clue/php-commander/zipball/9b948362d20f6c1e1b214e7eae77f363d8a65ce2",
                "reference": "9b948362d20f6c1e1b214e7eae77f363d8a65ce2",
                "shasum": ""
            },
            "require": {
                "php": ">=5.3"
            },
            "require-dev": {
                "clue/arguments": "^1.0"
            },
            "type": "library",
            "autoload": {
                "psr-4": {
                    "Clue\\Commander\\": "src/"
                }
            },
            "notification-url": "https://packagist.org/downloads/",
            "license": [
                "MIT"
            ],
            "authors": [
                {
                    "name": "Christian Lück",
                    "email": "christian@lueck.tv"
                }
            ],
            "description": "Finally a sane way to register available commands and arguments and match your command line in PHP.",
            "homepage": "https://github.com/clue/php-commander",
            "keywords": [
                "args",
                "arguments",
                "argv",
                "command",
                "command line",
                "getopt",
                "parse",
                "router"
            ],
            "time": "2016-11-07 08:54:40"
        },
        {
            "name": "clue/connection-manager-extra",
            "version": "v0.3.2",
            "source": {
                "type": "git",
                "url": "https://github.com/clue/php-connection-manager-extra.git",
                "reference": "cca4fe9f9c27475542dc858699e849744f6c25eb"
            },
            "dist": {
                "type": "zip",
                "url": "https://api.github.com/repos/clue/php-connection-manager-extra/zipball/cca4fe9f9c27475542dc858699e849744f6c25eb",
                "reference": "cca4fe9f9c27475542dc858699e849744f6c25eb",
                "shasum": ""
            },
            "require": {
                "php": ">=5.3",
                "react/event-loop": "^0.4 || ^0.3",
                "react/promise": "^1.0 || ^2.0",
                "react/socket-client": "^0.5 || ^0.4 || ^0.3"
            },
            "type": "library",
            "autoload": {
                "psr-4": {
                    "ConnectionManager\\Extra\\": "src"
                }
            },
            "notification-url": "https://packagist.org/downloads/",
            "license": [
                "MIT"
            ],
            "authors": [
                {
                    "name": "Christian Lück",
                    "email": "christian@lueck.tv"
                }
            ],
            "description": "Extra decorators for creating async TCP/IP connections built upon react/socket-client",
            "homepage": "https://github.com/clue/php-connection-manager-extra",
            "keywords": [
                "Connection",
                "SocketClient",
                "acl",
                "delay",
                "firewall",
                "network",
                "random",
                "reject",
                "repeat",
                "retry",
                "timeout"
            ],
            "time": "2016-03-19 14:23:15"
        },
        {
            "name": "clue/socks-react",
            "version": "v0.4.0",
            "source": {
                "type": "git",
                "url": "https://github.com/clue/php-socks-react.git",
                "reference": "ad36da8c0a59493842023a55b54cbf0f7f204085"
            },
            "dist": {
                "type": "zip",
                "url": "https://api.github.com/repos/clue/php-socks-react/zipball/ad36da8c0a59493842023a55b54cbf0f7f204085",
                "reference": "ad36da8c0a59493842023a55b54cbf0f7f204085",
                "shasum": ""
            },
            "require": {
                "evenement/evenement": "~1.0|~2.0",
                "php": ">=5.3",
                "react/dns": "0.3.*|0.4.*",
                "react/event-loop": "0.3.*|0.4.*",
                "react/promise": "~1.0|~2.0",
                "react/socket": "0.3.*|0.4.*",
                "react/socket-client": "^0.5",
                "react/stream": "0.3.*|0.4.*"
            },
            "type": "library",
            "autoload": {
                "psr-4": {
                    "Clue\\React\\Socks\\": "src"
                }
            },
            "notification-url": "https://packagist.org/downloads/",
            "license": [
                "MIT"
            ],
            "authors": [
                {
                    "name": "Christian Lück",
                    "email": "christian@lueck.tv"
                }
            ],
            "description": "Async SOCKS proxy client and server (SOCKS4, SOCKS4a and SOCKS5)",
            "homepage": "https://github.com/clue/php-socks-react",
            "keywords": [
                "async",
                "react",
                "socks client",
                "socks protocol",
                "socks server",
                "tcp tunnel"
            ],
            "time": "2016-03-19 16:55:13"
        },
        {
            "name": "clue/stdio-react",
            "version": "v0.4.0",
            "source": {
                "type": "git",
                "url": "https://github.com/clue/php-stdio-react.git",
                "reference": "f71acd4c5cfb97dd1ccb1a0965e49eb9a15542b8"
            },
            "dist": {
                "type": "zip",
                "url": "https://api.github.com/repos/clue/php-stdio-react/zipball/f71acd4c5cfb97dd1ccb1a0965e49eb9a15542b8",
                "reference": "f71acd4c5cfb97dd1ccb1a0965e49eb9a15542b8",
                "shasum": ""
            },
            "require": {
                "clue/term-react": "^0.1.1",
                "clue/utf8-react": "^0.1",
                "php": ">=5.3",
                "react/event-loop": "0.3.*|0.4.*",
                "react/stream": "^0.4.2"
            },
            "type": "library",
            "autoload": {
                "psr-4": {
                    "Clue\\React\\Stdio\\": "src/"
                }
            },
            "notification-url": "https://packagist.org/downloads/",
            "license": [
                "MIT"
            ],
            "authors": [
                {
                    "name": "Christian Lück",
                    "email": "christian@lueck.tv"
                }
            ],
            "description": "Async standard console input & output (STDIN, STDOUT)",
            "homepage": "https://github.com/clue/php-stdio-react",
            "keywords": [
                "async",
                "reactphp",
                "readline",
                "stdin",
                "stdio",
                "stdout"
            ],
            "time": "2016-09-27 09:03:18"
        },
        {
            "name": "clue/term-react",
            "version": "v0.1.2",
            "source": {
                "type": "git",
                "url": "https://github.com/clue/php-term-react.git",
                "reference": "bb8784283aef16b8b1fe3ed5a8fe16d4669cfc92"
            },
            "dist": {
                "type": "zip",
                "url": "https://api.github.com/repos/clue/php-term-react/zipball/bb8784283aef16b8b1fe3ed5a8fe16d4669cfc92",
                "reference": "bb8784283aef16b8b1fe3ed5a8fe16d4669cfc92",
                "shasum": ""
            },
            "require": {
                "php": ">=5.3",
                "react/stream": "^0.4 || ^0.3"
            },
            "require-dev": {
                "react/event-loop": "^0.4 || ^0.3"
            },
            "type": "library",
            "autoload": {
                "psr-4": {
                    "Clue\\React\\Term\\": "src/"
                }
            },
            "notification-url": "https://packagist.org/downloads/",
            "license": [
                "MIT"
            ],
            "authors": [
                {
                    "name": "Christian Lück",
                    "email": "christian@lueck.tv"
                }
            ],
            "description": "Streaming terminal emulator, built on top of React PHP",
            "homepage": "https://github.com/clue/php-term-react",
            "keywords": [
                "C0",
                "CSI",
                "ansi",
                "apc",
                "ascii",
                "c1",
                "control codes",
                "dps",
                "osc",
                "pm",
                "reactphp",
                "streaming",
                "terminal",
                "vt100",
                "xterm"
            ],
            "time": "2016-06-14 20:44:58"
        },
        {
            "name": "clue/utf8-react",
            "version": "v0.1.1",
            "source": {
                "type": "git",
                "url": "https://github.com/clue/php-utf8-react.git",
                "reference": "d162cca3c0e05df82d79aad190a0a337cd8ac566"
            },
            "dist": {
                "type": "zip",
                "url": "https://api.github.com/repos/clue/php-utf8-react/zipball/d162cca3c0e05df82d79aad190a0a337cd8ac566",
                "reference": "d162cca3c0e05df82d79aad190a0a337cd8ac566",
                "shasum": ""
            },
            "require": {
                "php": ">=5.3",
                "react/stream": "^0.4 || ^0.3"
            },
            "type": "library",
            "autoload": {
                "psr-4": {
                    "Clue\\React\\Utf8\\": "src/"
                }
            },
            "notification-url": "https://packagist.org/downloads/",
            "license": [
                "MIT"
            ],
            "authors": [
                {
                    "name": "Christian Lück",
                    "email": "christian@lueck.tv"
                }
            ],
            "description": "Streaming UTF-8 parser for React PHP",
            "homepage": "https://github.com/clue/php-utf8-react",
            "keywords": [
                "reactphp",
                "streaming",
                "unicode",
                "utf-8",
                "utf8"
            ],
            "time": "2016-06-24 08:57:02"
        },
        {
            "name": "evenement/evenement",
            "version": "v1.0.0",
            "source": {
                "type": "git",
                "url": "https://github.com/igorw/evenement.git",
                "reference": "fa966683e7df3e5dd5929d984a44abfbd6bafe8d"
            },
            "dist": {
                "type": "zip",
                "url": "https://api.github.com/repos/igorw/evenement/zipball/fa966683e7df3e5dd5929d984a44abfbd6bafe8d",
                "reference": "fa966683e7df3e5dd5929d984a44abfbd6bafe8d",
                "shasum": ""
            },
            "require": {
                "php": ">=5.3.0"
            },
            "type": "library",
            "autoload": {
                "psr-0": {
                    "Evenement": "src"
                }
            },
            "notification-url": "https://packagist.org/downloads/",
            "license": [
                "MIT"
            ],
            "authors": [
                {
                    "name": "Igor Wiedler",
                    "email": "igor@wiedler.ch",
                    "homepage": "http://wiedler.ch/igor/"
                }
            ],
            "description": "Événement is a very simple event dispatching library for PHP 5.3",
            "keywords": [
                "event-dispatcher"
            ],
            "time": "2012-05-30 15:01:08"
        },
        {
            "name": "react/cache",
            "version": "v0.4.1",
            "source": {
                "type": "git",
                "url": "https://github.com/reactphp/cache.git",
                "reference": "558f614891341b1d817a8cdf9a358948ec49638f"
            },
            "dist": {
                "type": "zip",
                "url": "https://api.github.com/repos/reactphp/cache/zipball/558f614891341b1d817a8cdf9a358948ec49638f",
                "reference": "558f614891341b1d817a8cdf9a358948ec49638f",
                "shasum": ""
            },
            "require": {
                "php": ">=5.3.0",
                "react/promise": "~2.0|~1.1"
            },
            "type": "library",
            "autoload": {
                "psr-4": {
                    "React\\Cache\\": "src\\"
                }
            },
            "notification-url": "https://packagist.org/downloads/",
            "license": [
                "MIT"
            ],
            "description": "Async caching.",
            "keywords": [
                "cache"
            ],
            "time": "2016-02-25 18:17:16"
        },
        {
            "name": "react/dns",
            "version": "v0.4.2",
            "source": {
                "type": "git",
                "url": "https://github.com/reactphp/dns.git",
                "reference": "62f6201e487df8add209cc42f05ffca33ee1ba05"
            },
            "dist": {
                "type": "zip",
                "url": "https://api.github.com/repos/reactphp/dns/zipball/62f6201e487df8add209cc42f05ffca33ee1ba05",
                "reference": "62f6201e487df8add209cc42f05ffca33ee1ba05",
                "shasum": ""
            },
            "require": {
                "php": ">=5.3.0",
                "react/cache": "~0.4.0|~0.3.0",
                "react/promise": "~2.0|~1.1",
                "react/socket": "~0.4.0|~0.3.0"
            },
            "type": "library",
            "extra": {
                "branch-alias": {
                    "dev-master": "0.4-dev"
                }
            },
            "autoload": {
                "psr-4": {
                    "React\\Dns\\": "src"
                }
            },
            "notification-url": "https://packagist.org/downloads/",
            "license": [
                "MIT"
            ],
            "description": "Async DNS resolver.",
            "keywords": [
                "dns",
                "dns-resolver"
            ],
            "time": "2016-02-24 23:45:36"
        },
        {
            "name": "react/event-loop",
            "version": "v0.3.4",
            "target-dir": "React/EventLoop",
            "source": {
                "type": "git",
                "url": "https://github.com/reactphp/event-loop.git",
                "reference": "235cddfa999a392e7d63dc9bef2e042492608d9f"
            },
            "dist": {
                "type": "zip",
                "url": "https://api.github.com/repos/reactphp/event-loop/zipball/235cddfa999a392e7d63dc9bef2e042492608d9f",
                "reference": "235cddfa999a392e7d63dc9bef2e042492608d9f",
                "shasum": ""
            },
            "require": {
                "php": ">=5.3.3"
            },
            "suggest": {
                "ext-libev": "*",
                "ext-libevent": ">=0.0.5"
            },
            "type": "library",
            "extra": {
                "branch-alias": {
                    "dev-master": "0.3-dev"
                }
            },
            "autoload": {
                "psr-0": {
                    "React\\EventLoop": ""
                }
            },
            "notification-url": "https://packagist.org/downloads/",
            "license": [
                "MIT"
            ],
            "description": "Event loop abstraction layer that libraries can use for evented I/O.",
            "keywords": [
                "event-loop"
            ],
            "time": "2013-07-21 02:23:09"
        },
        {
            "name": "react/promise",
            "version": "v1.2.1",
            "source": {
                "type": "git",
                "url": "https://github.com/reactphp/promise.git",
                "reference": "eefff597e67ff66b719f8171480add3c91474a1e"
            },
            "dist": {
                "type": "zip",
                "url": "https://api.github.com/repos/reactphp/promise/zipball/eefff597e67ff66b719f8171480add3c91474a1e",
                "reference": "eefff597e67ff66b719f8171480add3c91474a1e",
                "shasum": ""
            },
            "require": {
                "php": ">=5.3.3"
            },
            "type": "library",
            "extra": {
                "branch-alias": {
                    "dev-master": "1.1-dev"
                }
            },
            "autoload": {
                "psr-0": {
                    "React\\Promise": "src/"
                },
                "files": [
                    "src/React/Promise/functions_include.php"
                ]
            },
            "notification-url": "https://packagist.org/downloads/",
            "license": [
                "MIT"
            ],
            "authors": [
                {
                    "name": "Jan Sorgalla",
                    "email": "jsorgalla@gmail.com"
                }
            ],
            "description": "A lightweight implementation of CommonJS Promises/A for PHP",
            "time": "2016-03-07 13:46:50"
        },
        {
            "name": "react/socket",
            "version": "v0.4.3",
            "source": {
                "type": "git",
                "url": "https://github.com/reactphp/socket.git",
                "reference": "ce015ec5879b96f5d30905f035f223aa85013fcc"
            },
            "dist": {
                "type": "zip",
                "url": "https://api.github.com/repos/reactphp/socket/zipball/ce015ec5879b96f5d30905f035f223aa85013fcc",
                "reference": "ce015ec5879b96f5d30905f035f223aa85013fcc",
                "shasum": ""
            },
            "require": {
                "evenement/evenement": "~2.0|~1.0",
                "php": ">=5.3.0",
                "react/event-loop": "0.4.*|0.3.*",
                "react/stream": "0.4.*|0.3.*"
            },
            "type": "library",
            "extra": {
                "branch-alias": {
                    "dev-master": "0.4-dev"
                }
            },
            "autoload": {
                "psr-4": {
                    "React\\Socket\\": "src"
                }
            },
            "notification-url": "https://packagist.org/downloads/",
            "license": [
                "MIT"
            ],
            "description": "Library for building an evented socket server.",
            "keywords": [
                "Socket"
            ],
            "time": "2016-03-01 20:10:35"
        },
        {
            "name": "react/socket-client",
            "version": "v0.5.0",
            "source": {
                "type": "git",
                "url": "https://github.com/reactphp/socket-client.git",
                "reference": "4ed32f2ce1e732586783c7ebd10b7d75386f2588"
            },
            "dist": {
                "type": "zip",
                "url": "https://api.github.com/repos/reactphp/socket-client/zipball/4ed32f2ce1e732586783c7ebd10b7d75386f2588",
                "reference": "4ed32f2ce1e732586783c7ebd10b7d75386f2588",
                "shasum": ""
            },
            "require": {
                "php": ">=5.3.0",
                "react/dns": "0.4.*|0.3.*",
                "react/event-loop": "0.4.*|0.3.*",
                "react/promise": "~2.0|~1.1",
                "react/stream": "0.4.*|0.3.*"
            },
            "require-dev": {
                "clue/block-react": "~1.0"
            },
            "type": "library",
            "autoload": {
                "psr-4": {
                    "React\\SocketClient\\": "src"
                }
            },
            "notification-url": "https://packagist.org/downloads/",
            "license": [
                "MIT"
            ],
            "description": "Async connector to open TCP/IP and SSL/TLS based connections.",
            "keywords": [
                "Socket"
            ],
            "time": "2016-03-19 13:11:48"
        },
        {
            "name": "react/stream",
            "version": "v0.4.3",
            "source": {
                "type": "git",
                "url": "https://github.com/reactphp/stream.git",
                "reference": "305b2328d2a2e157bc13b61a0f5c6e41b666b188"
            },
            "dist": {
                "type": "zip",
                "url": "https://api.github.com/repos/reactphp/stream/zipball/305b2328d2a2e157bc13b61a0f5c6e41b666b188",
                "reference": "305b2328d2a2e157bc13b61a0f5c6e41b666b188",
                "shasum": ""
            },
            "require": {
                "evenement/evenement": "^2.0|^1.0",
                "php": ">=5.3.8"
            },
            "require-dev": {
                "react/event-loop": "^0.4|^0.3",
                "react/promise": "^2.0|^1.0"
            },
            "suggest": {
                "react/event-loop": "^0.4",
                "react/promise": "^2.0"
            },
            "type": "library",
            "extra": {
                "branch-alias": {
                    "dev-master": "0.5-dev"
                }
            },
            "autoload": {
                "psr-4": {
                    "React\\Stream\\": "src"
                }
            },
            "notification-url": "https://packagist.org/downloads/",
            "license": [
                "MIT"
            ],
            "description": "Basic readable and writable stream interfaces that support piping.",
            "keywords": [
                "pipe",
                "stream"
            ],
            "time": "2015-10-07 18:32:58"
        }
    ],
    "packages-dev": [],
    "aliases": [],
    "minimum-stability": "stable",
    "stability-flags": [],
    "prefer-stable": false,
    "prefer-lowest": false,
    "platform": {
        "php": ">=5.3"
    },
    "platform-dev": [],
    "platform-overrides": {
        "php": "5.3.8"
    }
}
